
Microsoft Visual Studio Solution File, Format Version 12.00
# Visual Studio Version 17
VisualStudioVersion = 17.14.36518.9 d17.14
MinimumVisualStudioVersion = 10.0.40219.1
Project("{FAE04EC0-301F-11D3-BF4B-00C04F79EFBC}") = "Exemplo2Polimorfismo", "Exemplo2Polimorfismo\Exemplo2Polimorfismo.csproj", "{35D16C98-5ED9-4A20-BBFA-4537C141556D}"
EndProject
Global
	GlobalSection(SolutionConfigurationPlatforms) = preSolution
		Debug|Any CPU = Debug|Any CPU
		Release|Any CPU = Release|Any CPU
	EndGlobalSection
	GlobalSection(ProjectConfigurationPlatforms) = postSolution
		{35D16C98-5ED9-4A20-BBFA-4537C141556D}.Debug|Any CPU.ActiveCfg = Debug|Any CPU
		{35D16C98-5ED9-4A20-BBFA-4537C141556D}.Debug|Any CPU.Build.0 = Debug|Any CPU
		{35D16C98-5ED9-4A20-BBFA-4537C141556D}.Release|Any CPU.ActiveCfg = Release|Any CPU
		{35D16C98-5ED9-4A20-BBFA-4537C141556D}.Release|Any CPU.Build.0 = Release|Any CPU
	EndGlobalSection
	GlobalSection(SolutionProperties) = preSolution
		HideSolutionNode = FALSE
	EndGlobalSection
	GlobalSection(ExtensibilityGlobals) = postSolution
		SolutionGuid = {26C0EA14-13C3-49CA-AA20-0DC5E728C904}
	EndGlobalSection
EndGlobal
