
Microsoft Visual Studio Solution File, Format Version 12.00
# Visual Studio Version 17
VisualStudioVersion = 17.14.36518.9
MinimumVisualStudioVersion = 10.0.40219.1
Project("{FAE04EC0-301F-11D3-BF4B-00C04F79EFBC}") = "BlazorAppExemploHerancaBCC", "BlazorAppExemploHerancaBCC\BlazorAppExemploHerancaBCC.csproj", "{0C558D3E-995C-410E-8DC8-67E4F8A74FA5}"
EndProject
Global
	GlobalSection(SolutionConfigurationPlatforms) = preSolution
		Debug|Any CPU = Debug|Any CPU
		Release|Any CPU = Release|Any CPU
	EndGlobalSection
	GlobalSection(ProjectConfigurationPlatforms) = postSolution
		{0C558D3E-995C-410E-8DC8-67E4F8A74FA5}.Debug|Any CPU.ActiveCfg = Debug|Any CPU
		{0C558D3E-995C-410E-8DC8-67E4F8A74FA5}.Debug|Any CPU.Build.0 = Debug|Any CPU
		{0C558D3E-995C-410E-8DC8-67E4F8A74FA5}.Release|Any CPU.ActiveCfg = Release|Any CPU
		{0C558D3E-995C-410E-8DC8-67E4F8A74FA5}.Release|Any CPU.Build.0 = Release|Any CPU
	EndGlobalSection
	GlobalSection(SolutionProperties) = preSolution
		HideSolutionNode = FALSE
	EndGlobalSection
	GlobalSection(ExtensibilityGlobals) = postSolution
		SolutionGuid = {88C84B2F-1477-46E7-BAA8-EDED0EFE6FBA}
	EndGlobalSection
EndGlobal
