
Microsoft Visual Studio Solution File, Format Version 12.00
# Visual Studio Version 17
VisualStudioVersion = 17.14.36401.2 d17.14
MinimumVisualStudioVersion = 10.0.40219.1
Project("{FAE04EC0-301F-11D3-BF4B-00C04F79EFBC}") = "AppExercicio1Encapsulamento", "AppExercicio1Encapsulamento\AppExercicio1Encapsulamento.csproj", "{3724D821-15E5-44D2-97BF-640B09F4283C}"
EndProject
Global
	GlobalSection(SolutionConfigurationPlatforms) = preSolution
		Debug|Any CPU = Debug|Any CPU
		Release|Any CPU = Release|Any CPU
	EndGlobalSection
	GlobalSection(ProjectConfigurationPlatforms) = postSolution
		{3724D821-15E5-44D2-97BF-640B09F4283C}.Debug|Any CPU.ActiveCfg = Debug|Any CPU
		{3724D821-15E5-44D2-97BF-640B09F4283C}.Debug|Any CPU.Build.0 = Debug|Any CPU
		{3724D821-15E5-44D2-97BF-640B09F4283C}.Release|Any CPU.ActiveCfg = Release|Any CPU
		{3724D821-15E5-44D2-97BF-640B09F4283C}.Release|Any CPU.Build.0 = Release|Any CPU
	EndGlobalSection
	GlobalSection(SolutionProperties) = preSolution
		HideSolutionNode = FALSE
	EndGlobalSection
	GlobalSection(ExtensibilityGlobals) = postSolution
		SolutionGuid = {C37E5EAD-6282-483D-A729-B25DCC8F3F1B}
	EndGlobalSection
EndGlobal
